
Microsoft Visual Studio Solution File, Format Version 12.00
# Visual Studio Version 16
VisualStudioVersion = 16.0.31624.102
MinimumVisualStudioVersion = 10.0.40219.1
Project("{9A19103F-16F7-4668-BE54-9A1E7A4F7556}") = "01HelloWorld", "01HelloWorld\01HelloWorld.csproj", "{6864FE2E-826C-413D-8958-3879FCEF2B6C}"
EndProject
Project("{9A19103F-16F7-4668-BE54-9A1E7A4F7556}") = "02Exceptions", "02Exceptions\02Exceptions.csproj", "{12C393D9-F138-40B0-B5A5-CE5D102AF667}"
EndProject
Project("{9A19103F-16F7-4668-BE54-9A1E7A4F7556}") = "03TractorAndImplement", "03TractorAndImplement\03TractorAndImplement.csproj", "{63F97DEA-130F-4AD8-A663-5DA81B957214}"
EndProject
Project("{9A19103F-16F7-4668-BE54-9A1E7A4F7556}") = "04StaticExample", "04StaticExample\04StaticExample.csproj", "{B2034155-02B3-4641-9769-5E826CB635C8}"
EndProject
Project("{9A19103F-16F7-4668-BE54-9A1E7A4F7556}") = "05AverageCalculator", "05AverageCalculator\05AverageCalculator.csproj", "{EF47E6BD-66A9-4351-B7AE-F0730864BB0C}"
EndProject
Project("{9A19103F-16F7-4668-BE54-9A1E7A4F7556}") = "06Dictionaries", "06Dictionaries\06Dictionaries.csproj", "{0A4BD2D5-8FA8-48EC-9599-499BD1E256E9}"
EndProject
Project("{9A19103F-16F7-4668-BE54-9A1E7A4F7556}") = "ErsterTest", "ErsterTest\ErsterTest.csproj", "{6FD92912-3344-4F48-8A28-1404B5FE2259}"
EndProject
Project("{9A19103F-16F7-4668-BE54-9A1E7A4F7556}") = "07LetterAnalysis", "07LetterAnalysis\07LetterAnalysis.csproj", "{42F33294-BE69-43AD-B38D-E4562A62D5A2}"
EndProject
Project("{9A19103F-16F7-4668-BE54-9A1E7A4F7556}") = "08Caesar", "08Caesar\08Caesar.csproj", "{829A08C3-553C-4837-BDBD-5D4B675942F0}"
EndProject
Project("{9A19103F-16F7-4668-BE54-9A1E7A4F7556}") = "09InversionChiffre", "09InversionChiffre\09InversionChiffre.csproj", "{266BD8F7-CC62-4B14-9D7A-4B3899B0DC6D}"
EndProject
Project("{9A19103F-16F7-4668-BE54-9A1E7A4F7556}") = "10StringFormatting", "10StringFormatting\10StringFormatting.csproj", "{D624A854-02A4-42E4-8AD7-492F218A9C89}"
EndProject
Project("{9A19103F-16F7-4668-BE54-9A1E7A4F7556}") = "11Pythagoras", "11Pythagoras\11Pythagoras.csproj", "{CBDA44AB-12EA-4A9A-A60E-5110065EE040}"
EndProject
Project("{9A19103F-16F7-4668-BE54-9A1E7A4F7556}") = "12PythagorasKonsole", "12PythagorasKonsole\12PythagorasKonsole.csproj", "{0BBC8E6B-795F-47C0-899A-03C2FDF3F410}"
EndProject
Project("{8BC9CEB8-8B4A-11D0-8D11-00A0C91BC942}") = "13HelloCWorld", "13HelloCWorld\13HelloCWorld.vcxproj", "{F6FCFA09-D963-40BF-BEBA-64FF796759C9}"
EndProject
Project("{8BC9CEB8-8B4A-11D0-8D11-00A0C91BC942}") = "14IOinC", "14IOinC\14IOinC.vcxproj", "{0056F1ED-06FA-4598-9FCB-A2AFDBDECD92}"
EndProject
Project("{FAE04EC0-301F-11D3-BF4B-00C04F79EFBC}") = "Test201", "Test201\Test201.csproj", "{A87816DD-6B18-4F55-9046-CE879FA44DAE}"
EndProject
Project("{FAE04EC0-301F-11D3-BF4B-00C04F79EFBC}") = "Test202", "Test202\Test202.csproj", "{0C922690-7887-4612-9B51-951B289402C8}"
EndProject
Project("{FAE04EC0-301F-11D3-BF4B-00C04F79EFBC}") = "Test203", "Test203\Test203.csproj", "{876FEA39-2A4E-47F6-B9A4-E2B41BA3E5EB}"
EndProject
Project("{FAE04EC0-301F-11D3-BF4B-00C04F79EFBC}") = "Test204", "Test204\Test204.csproj", "{ECE28A95-4FDE-471E-8987-405A1F7EB7C7}"
EndProject
Project("{FAE04EC0-301F-11D3-BF4B-00C04F79EFBC}") = "Test205", "Test205\Test205.csproj", "{F685CD78-993C-4019-8A9E-F2F0DEBE7B12}"
EndProject
Project("{FAE04EC0-301F-11D3-BF4B-00C04F79EFBC}") = "Test206", "Test206\Test206.csproj", "{14B802E9-55DC-4D75-8924-041527A135FE}"
EndProject
Global
	GlobalSection(SolutionConfigurationPlatforms) = preSolution
		Debug|Any CPU = Debug|Any CPU
		Debug|x64 = Debug|x64
		Debug|x86 = Debug|x86
		Release|Any CPU = Release|Any CPU
		Release|x64 = Release|x64
		Release|x86 = Release|x86
	EndGlobalSection
	GlobalSection(ProjectConfigurationPlatforms) = postSolution
		{6864FE2E-826C-413D-8958-3879FCEF2B6C}.Debug|Any CPU.ActiveCfg = Debug|Any CPU
		{6864FE2E-826C-413D-8958-3879FCEF2B6C}.Debug|Any CPU.Build.0 = Debug|Any CPU
		{6864FE2E-826C-413D-8958-3879FCEF2B6C}.Debug|x64.ActiveCfg = Debug|Any CPU
		{6864FE2E-826C-413D-8958-3879FCEF2B6C}.Debug|x64.Build.0 = Debug|Any CPU
		{6864FE2E-826C-413D-8958-3879FCEF2B6C}.Debug|x86.ActiveCfg = Debug|Any CPU
		{6864FE2E-826C-413D-8958-3879FCEF2B6C}.Debug|x86.Build.0 = Debug|Any CPU
		{6864FE2E-826C-413D-8958-3879FCEF2B6C}.Release|Any CPU.ActiveCfg = Release|Any CPU
		{6864FE2E-826C-413D-8958-3879FCEF2B6C}.Release|Any CPU.Build.0 = Release|Any CPU
		{6864FE2E-826C-413D-8958-3879FCEF2B6C}.Release|x64.ActiveCfg = Release|Any CPU
		{6864FE2E-826C-413D-8958-3879FCEF2B6C}.Release|x64.Build.0 = Release|Any CPU
		{6864FE2E-826C-413D-8958-3879FCEF2B6C}.Release|x86.ActiveCfg = Release|Any CPU
		{6864FE2E-826C-413D-8958-3879FCEF2B6C}.Release|x86.Build.0 = Release|Any CPU
		{12C393D9-F138-40B0-B5A5-CE5D102AF667}.Debug|Any CPU.ActiveCfg = Debug|Any CPU
		{12C393D9-F138-40B0-B5A5-CE5D102AF667}.Debug|Any CPU.Build.0 = Debug|Any CPU
		{12C393D9-F138-40B0-B5A5-CE5D102AF667}.Debug|x64.ActiveCfg = Debug|Any CPU
		{12C393D9-F138-40B0-B5A5-CE5D102AF667}.Debug|x64.Build.0 = Debug|Any CPU
		{12C393D9-F138-40B0-B5A5-CE5D102AF667}.Debug|x86.ActiveCfg = Debug|Any CPU
		{12C393D9-F138-40B0-B5A5-CE5D102AF667}.Debug|x86.Build.0 = Debug|Any CPU
		{12C393D9-F138-40B0-B5A5-CE5D102AF667}.Release|Any CPU.ActiveCfg = Release|Any CPU
		{12C393D9-F138-40B0-B5A5-CE5D102AF667}.Release|Any CPU.Build.0 = Release|Any CPU
		{12C393D9-F138-40B0-B5A5-CE5D102AF667}.Release|x64.ActiveCfg = Release|Any CPU
		{12C393D9-F138-40B0-B5A5-CE5D102AF667}.Release|x64.Build.0 = Release|Any CPU
		{12C393D9-F138-40B0-B5A5-CE5D102AF667}.Release|x86.ActiveCfg = Release|Any CPU
		{12C393D9-F138-40B0-B5A5-CE5D102AF667}.Release|x86.Build.0 = Release|Any CPU
		{63F97DEA-130F-4AD8-A663-5DA81B957214}.Debug|Any CPU.ActiveCfg = Debug|Any CPU
		{63F97DEA-130F-4AD8-A663-5DA81B957214}.Debug|Any CPU.Build.0 = Debug|Any CPU
		{63F97DEA-130F-4AD8-A663-5DA81B957214}.Debug|x64.ActiveCfg = Debug|Any CPU
		{63F97DEA-130F-4AD8-A663-5DA81B957214}.Debug|x64.Build.0 = Debug|Any CPU
		{63F97DEA-130F-4AD8-A663-5DA81B957214}.Debug|x86.ActiveCfg = Debug|Any CPU
		{63F97DEA-130F-4AD8-A663-5DA81B957214}.Debug|x86.Build.0 = Debug|Any CPU
		{63F97DEA-130F-4AD8-A663-5DA81B957214}.Release|Any CPU.ActiveCfg = Release|Any CPU
		{63F97DEA-130F-4AD8-A663-5DA81B957214}.Release|Any CPU.Build.0 = Release|Any CPU
		{63F97DEA-130F-4AD8-A663-5DA81B957214}.Release|x64.ActiveCfg = Release|Any CPU
		{63F97DEA-130F-4AD8-A663-5DA81B957214}.Release|x64.Build.0 = Release|Any CPU
		{63F97DEA-130F-4AD8-A663-5DA81B957214}.Release|x86.ActiveCfg = Release|Any CPU
		{63F97DEA-130F-4AD8-A663-5DA81B957214}.Release|x86.Build.0 = Release|Any CPU
		{B2034155-02B3-4641-9769-5E826CB635C8}.Debug|Any CPU.ActiveCfg = Debug|Any CPU
		{B2034155-02B3-4641-9769-5E826CB635C8}.Debug|Any CPU.Build.0 = Debug|Any CPU
		{B2034155-02B3-4641-9769-5E826CB635C8}.Debug|x64.ActiveCfg = Debug|Any CPU
		{B2034155-02B3-4641-9769-5E826CB635C8}.Debug|x64.Build.0 = Debug|Any CPU
		{B2034155-02B3-4641-9769-5E826CB635C8}.Debug|x86.ActiveCfg = Debug|Any CPU
		{B2034155-02B3-4641-9769-5E826CB635C8}.Debug|x86.Build.0 = Debug|Any CPU
		{B2034155-02B3-4641-9769-5E826CB635C8}.Release|Any CPU.ActiveCfg = Release|Any CPU
		{B2034155-02B3-4641-9769-5E826CB635C8}.Release|Any CPU.Build.0 = Release|Any CPU
		{B2034155-02B3-4641-9769-5E826CB635C8}.Release|x64.ActiveCfg = Release|Any CPU
		{B2034155-02B3-4641-9769-5E826CB635C8}.Release|x64.Build.0 = Release|Any CPU
		{B2034155-02B3-4641-9769-5E826CB635C8}.Release|x86.ActiveCfg = Release|Any CPU
		{B2034155-02B3-4641-9769-5E826CB635C8}.Release|x86.Build.0 = Release|Any CPU
		{EF47E6BD-66A9-4351-B7AE-F0730864BB0C}.Debug|Any CPU.ActiveCfg = Debug|Any CPU
		{EF47E6BD-66A9-4351-B7AE-F0730864BB0C}.Debug|Any CPU.Build.0 = Debug|Any CPU
		{EF47E6BD-66A9-4351-B7AE-F0730864BB0C}.Debug|x64.ActiveCfg = Debug|Any CPU
		{EF47E6BD-66A9-4351-B7AE-F0730864BB0C}.Debug|x64.Build.0 = Debug|Any CPU
		{EF47E6BD-66A9-4351-B7AE-F0730864BB0C}.Debug|x86.ActiveCfg = Debug|Any CPU
		{EF47E6BD-66A9-4351-B7AE-F0730864BB0C}.Debug|x86.Build.0 = Debug|Any CPU
		{EF47E6BD-66A9-4351-B7AE-F0730864BB0C}.Release|Any CPU.ActiveCfg = Release|Any CPU
		{EF47E6BD-66A9-4351-B7AE-F0730864BB0C}.Release|Any CPU.Build.0 = Release|Any CPU
		{EF47E6BD-66A9-4351-B7AE-F0730864BB0C}.Release|x64.ActiveCfg = Release|Any CPU
		{EF47E6BD-66A9-4351-B7AE-F0730864BB0C}.Release|x64.Build.0 = Release|Any CPU
		{EF47E6BD-66A9-4351-B7AE-F0730864BB0C}.Release|x86.ActiveCfg = Release|Any CPU
		{EF47E6BD-66A9-4351-B7AE-F0730864BB0C}.Release|x86.Build.0 = Release|Any CPU
		{0A4BD2D5-8FA8-48EC-9599-499BD1E256E9}.Debug|Any CPU.ActiveCfg = Debug|Any CPU
		{0A4BD2D5-8FA8-48EC-9599-499BD1E256E9}.Debug|Any CPU.Build.0 = Debug|Any CPU
		{0A4BD2D5-8FA8-48EC-9599-499BD1E256E9}.Debug|x64.ActiveCfg = Debug|Any CPU
		{0A4BD2D5-8FA8-48EC-9599-499BD1E256E9}.Debug|x64.Build.0 = Debug|Any CPU
		{0A4BD2D5-8FA8-48EC-9599-499BD1E256E9}.Debug|x86.ActiveCfg = Debug|Any CPU
		{0A4BD2D5-8FA8-48EC-9599-499BD1E256E9}.Debug|x86.Build.0 = Debug|Any CPU
		{0A4BD2D5-8FA8-48EC-9599-499BD1E256E9}.Release|Any CPU.ActiveCfg = Release|Any CPU
		{0A4BD2D5-8FA8-48EC-9599-499BD1E256E9}.Release|Any CPU.Build.0 = Release|Any CPU
		{0A4BD2D5-8FA8-48EC-9599-499BD1E256E9}.Release|x64.ActiveCfg = Release|Any CPU
		{0A4BD2D5-8FA8-48EC-9599-499BD1E256E9}.Release|x64.Build.0 = Release|Any CPU
		{0A4BD2D5-8FA8-48EC-9599-499BD1E256E9}.Release|x86.ActiveCfg = Release|Any CPU
		{0A4BD2D5-8FA8-48EC-9599-499BD1E256E9}.Release|x86.Build.0 = Release|Any CPU
		{6FD92912-3344-4F48-8A28-1404B5FE2259}.Debug|Any CPU.ActiveCfg = Debug|Any CPU
		{6FD92912-3344-4F48-8A28-1404B5FE2259}.Debug|Any CPU.Build.0 = Debug|Any CPU
		{6FD92912-3344-4F48-8A28-1404B5FE2259}.Debug|x64.ActiveCfg = Debug|Any CPU
		{6FD92912-3344-4F48-8A28-1404B5FE2259}.Debug|x64.Build.0 = Debug|Any CPU
		{6FD92912-3344-4F48-8A28-1404B5FE2259}.Debug|x86.ActiveCfg = Debug|Any CPU
		{6FD92912-3344-4F48-8A28-1404B5FE2259}.Debug|x86.Build.0 = Debug|Any CPU
		{6FD92912-3344-4F48-8A28-1404B5FE2259}.Release|Any CPU.ActiveCfg = Release|Any CPU
		{6FD92912-3344-4F48-8A28-1404B5FE2259}.Release|Any CPU.Build.0 = Release|Any CPU
		{6FD92912-3344-4F48-8A28-1404B5FE2259}.Release|x64.ActiveCfg = Release|Any CPU
		{6FD92912-3344-4F48-8A28-1404B5FE2259}.Release|x64.Build.0 = Release|Any CPU
		{6FD92912-3344-4F48-8A28-1404B5FE2259}.Release|x86.ActiveCfg = Release|Any CPU
		{6FD92912-3344-4F48-8A28-1404B5FE2259}.Release|x86.Build.0 = Release|Any CPU
		{42F33294-BE69-43AD-B38D-E4562A62D5A2}.Debug|Any CPU.ActiveCfg = Debug|Any CPU
		{42F33294-BE69-43AD-B38D-E4562A62D5A2}.Debug|Any CPU.Build.0 = Debug|Any CPU
		{42F33294-BE69-43AD-B38D-E4562A62D5A2}.Debug|x64.ActiveCfg = Debug|Any CPU
		{42F33294-BE69-43AD-B38D-E4562A62D5A2}.Debug|x64.Build.0 = Debug|Any CPU
		{42F33294-BE69-43AD-B38D-E4562A62D5A2}.Debug|x86.ActiveCfg = Debug|Any CPU
		{42F33294-BE69-43AD-B38D-E4562A62D5A2}.Debug|x86.Build.0 = Debug|Any CPU
		{42F33294-BE69-43AD-B38D-E4562A62D5A2}.Release|Any CPU.ActiveCfg = Release|Any CPU
		{42F33294-BE69-43AD-B38D-E4562A62D5A2}.Release|Any CPU.Build.0 = Release|Any CPU
		{42F33294-BE69-43AD-B38D-E4562A62D5A2}.Release|x64.ActiveCfg = Release|Any CPU
		{42F33294-BE69-43AD-B38D-E4562A62D5A2}.Release|x64.Build.0 = Release|Any CPU
		{42F33294-BE69-43AD-B38D-E4562A62D5A2}.Release|x86.ActiveCfg = Release|Any CPU
		{42F33294-BE69-43AD-B38D-E4562A62D5A2}.Release|x86.Build.0 = Release|Any CPU
		{829A08C3-553C-4837-BDBD-5D4B675942F0}.Debug|Any CPU.ActiveCfg = Debug|Any CPU
		{829A08C3-553C-4837-BDBD-5D4B675942F0}.Debug|Any CPU.Build.0 = Debug|Any CPU
		{829A08C3-553C-4837-BDBD-5D4B675942F0}.Debug|x64.ActiveCfg = Debug|Any CPU
		{829A08C3-553C-4837-BDBD-5D4B675942F0}.Debug|x64.Build.0 = Debug|Any CPU
		{829A08C3-553C-4837-BDBD-5D4B675942F0}.Debug|x86.ActiveCfg = Debug|Any CPU
		{829A08C3-553C-4837-BDBD-5D4B675942F0}.Debug|x86.Build.0 = Debug|Any CPU
		{829A08C3-553C-4837-BDBD-5D4B675942F0}.Release|Any CPU.ActiveCfg = Release|Any CPU
		{829A08C3-553C-4837-BDBD-5D4B675942F0}.Release|Any CPU.Build.0 = Release|Any CPU
		{829A08C3-553C-4837-BDBD-5D4B675942F0}.Release|x64.ActiveCfg = Release|Any CPU
		{829A08C3-553C-4837-BDBD-5D4B675942F0}.Release|x64.Build.0 = Release|Any CPU
		{829A08C3-553C-4837-BDBD-5D4B675942F0}.Release|x86.ActiveCfg = Release|Any CPU
		{829A08C3-553C-4837-BDBD-5D4B675942F0}.Release|x86.Build.0 = Release|Any CPU
		{266BD8F7-CC62-4B14-9D7A-4B3899B0DC6D}.Debug|Any CPU.ActiveCfg = Debug|Any CPU
		{266BD8F7-CC62-4B14-9D7A-4B3899B0DC6D}.Debug|Any CPU.Build.0 = Debug|Any CPU
		{266BD8F7-CC62-4B14-9D7A-4B3899B0DC6D}.Debug|x64.ActiveCfg = Debug|Any CPU
		{266BD8F7-CC62-4B14-9D7A-4B3899B0DC6D}.Debug|x64.Build.0 = Debug|Any CPU
		{266BD8F7-CC62-4B14-9D7A-4B3899B0DC6D}.Debug|x86.ActiveCfg = Debug|Any CPU
		{266BD8F7-CC62-4B14-9D7A-4B3899B0DC6D}.Debug|x86.Build.0 = Debug|Any CPU
		{266BD8F7-CC62-4B14-9D7A-4B3899B0DC6D}.Release|Any CPU.ActiveCfg = Release|Any CPU
		{266BD8F7-CC62-4B14-9D7A-4B3899B0DC6D}.Release|Any CPU.Build.0 = Release|Any CPU
		{266BD8F7-CC62-4B14-9D7A-4B3899B0DC6D}.Release|x64.ActiveCfg = Release|Any CPU
		{266BD8F7-CC62-4B14-9D7A-4B3899B0DC6D}.Release|x64.Build.0 = Release|Any CPU
		{266BD8F7-CC62-4B14-9D7A-4B3899B0DC6D}.Release|x86.ActiveCfg = Release|Any CPU
		{266BD8F7-CC62-4B14-9D7A-4B3899B0DC6D}.Release|x86.Build.0 = Release|Any CPU
		{D624A854-02A4-42E4-8AD7-492F218A9C89}.Debug|Any CPU.ActiveCfg = Debug|Any CPU
		{D624A854-02A4-42E4-8AD7-492F218A9C89}.Debug|Any CPU.Build.0 = Debug|Any CPU
		{D624A854-02A4-42E4-8AD7-492F218A9C89}.Debug|x64.ActiveCfg = Debug|Any CPU
		{D624A854-02A4-42E4-8AD7-492F218A9C89}.Debug|x64.Build.0 = Debug|Any CPU
		{D624A854-02A4-42E4-8AD7-492F218A9C89}.Debug|x86.ActiveCfg = Debug|Any CPU
		{D624A854-02A4-42E4-8AD7-492F218A9C89}.Debug|x86.Build.0 = Debug|Any CPU
		{D624A854-02A4-42E4-8AD7-492F218A9C89}.Release|Any CPU.ActiveCfg = Release|Any CPU
		{D624A854-02A4-42E4-8AD7-492F218A9C89}.Release|Any CPU.Build.0 = Release|Any CPU
		{D624A854-02A4-42E4-8AD7-492F218A9C89}.Release|x64.ActiveCfg = Release|Any CPU
		{D624A854-02A4-42E4-8AD7-492F218A9C89}.Release|x64.Build.0 = Release|Any CPU
		{D624A854-02A4-42E4-8AD7-492F218A9C89}.Release|x86.ActiveCfg = Release|Any CPU
		{D624A854-02A4-42E4-8AD7-492F218A9C89}.Release|x86.Build.0 = Release|Any CPU
		{CBDA44AB-12EA-4A9A-A60E-5110065EE040}.Debug|Any CPU.ActiveCfg = Debug|Any CPU
		{CBDA44AB-12EA-4A9A-A60E-5110065EE040}.Debug|Any CPU.Build.0 = Debug|Any CPU
		{CBDA44AB-12EA-4A9A-A60E-5110065EE040}.Debug|x64.ActiveCfg = Debug|Any CPU
		{CBDA44AB-12EA-4A9A-A60E-5110065EE040}.Debug|x64.Build.0 = Debug|Any CPU
		{CBDA44AB-12EA-4A9A-A60E-5110065EE040}.Debug|x86.ActiveCfg = Debug|Any CPU
		{CBDA44AB-12EA-4A9A-A60E-5110065EE040}.Debug|x86.Build.0 = Debug|Any CPU
		{CBDA44AB-12EA-4A9A-A60E-5110065EE040}.Release|Any CPU.ActiveCfg = Release|Any CPU
		{CBDA44AB-12EA-4A9A-A60E-5110065EE040}.Release|Any CPU.Build.0 = Release|Any CPU
		{CBDA44AB-12EA-4A9A-A60E-5110065EE040}.Release|x64.ActiveCfg = Release|Any CPU
		{CBDA44AB-12EA-4A9A-A60E-5110065EE040}.Release|x64.Build.0 = Release|Any CPU
		{CBDA44AB-12EA-4A9A-A60E-5110065EE040}.Release|x86.ActiveCfg = Release|Any CPU
		{CBDA44AB-12EA-4A9A-A60E-5110065EE040}.Release|x86.Build.0 = Release|Any CPU
		{0BBC8E6B-795F-47C0-899A-03C2FDF3F410}.Debug|Any CPU.ActiveCfg = Debug|Any CPU
		{0BBC8E6B-795F-47C0-899A-03C2FDF3F410}.Debug|Any CPU.Build.0 = Debug|Any CPU
		{0BBC8E6B-795F-47C0-899A-03C2FDF3F410}.Debug|x64.ActiveCfg = Debug|Any CPU
		{0BBC8E6B-795F-47C0-899A-03C2FDF3F410}.Debug|x64.Build.0 = Debug|Any CPU
		{0BBC8E6B-795F-47C0-899A-03C2FDF3F410}.Debug|x86.ActiveCfg = Debug|Any CPU
		{0BBC8E6B-795F-47C0-899A-03C2FDF3F410}.Debug|x86.Build.0 = Debug|Any CPU
		{0BBC8E6B-795F-47C0-899A-03C2FDF3F410}.Release|Any CPU.ActiveCfg = Release|Any CPU
		{0BBC8E6B-795F-47C0-899A-03C2FDF3F410}.Release|Any CPU.Build.0 = Release|Any CPU
		{0BBC8E6B-795F-47C0-899A-03C2FDF3F410}.Release|x64.ActiveCfg = Release|Any CPU
		{0BBC8E6B-795F-47C0-899A-03C2FDF3F410}.Release|x64.Build.0 = Release|Any CPU
		{0BBC8E6B-795F-47C0-899A-03C2FDF3F410}.Release|x86.ActiveCfg = Release|Any CPU
		{0BBC8E6B-795F-47C0-899A-03C2FDF3F410}.Release|x86.Build.0 = Release|Any CPU
		{F6FCFA09-D963-40BF-BEBA-64FF796759C9}.Debug|Any CPU.ActiveCfg = Debug|Win32
		{F6FCFA09-D963-40BF-BEBA-64FF796759C9}.Debug|x64.ActiveCfg = Debug|x64
		{F6FCFA09-D963-40BF-BEBA-64FF796759C9}.Debug|x64.Build.0 = Debug|x64
		{F6FCFA09-D963-40BF-BEBA-64FF796759C9}.Debug|x86.ActiveCfg = Debug|Win32
		{F6FCFA09-D963-40BF-BEBA-64FF796759C9}.Debug|x86.Build.0 = Debug|Win32
		{F6FCFA09-D963-40BF-BEBA-64FF796759C9}.Release|Any CPU.ActiveCfg = Release|Win32
		{F6FCFA09-D963-40BF-BEBA-64FF796759C9}.Release|x64.ActiveCfg = Release|x64
		{F6FCFA09-D963-40BF-BEBA-64FF796759C9}.Release|x64.Build.0 = Release|x64
		{F6FCFA09-D963-40BF-BEBA-64FF796759C9}.Release|x86.ActiveCfg = Release|Win32
		{F6FCFA09-D963-40BF-BEBA-64FF796759C9}.Release|x86.Build.0 = Release|Win32
		{0056F1ED-06FA-4598-9FCB-A2AFDBDECD92}.Debug|Any CPU.ActiveCfg = Debug|Win32
		{0056F1ED-06FA-4598-9FCB-A2AFDBDECD92}.Debug|x64.ActiveCfg = Debug|x64
		{0056F1ED-06FA-4598-9FCB-A2AFDBDECD92}.Debug|x64.Build.0 = Debug|x64
		{0056F1ED-06FA-4598-9FCB-A2AFDBDECD92}.Debug|x86.ActiveCfg = Debug|Win32
		{0056F1ED-06FA-4598-9FCB-A2AFDBDECD92}.Debug|x86.Build.0 = Debug|Win32
		{0056F1ED-06FA-4598-9FCB-A2AFDBDECD92}.Release|Any CPU.ActiveCfg = Release|Win32
		{0056F1ED-06FA-4598-9FCB-A2AFDBDECD92}.Release|x64.ActiveCfg = Release|x64
		{0056F1ED-06FA-4598-9FCB-A2AFDBDECD92}.Release|x64.Build.0 = Release|x64
		{0056F1ED-06FA-4598-9FCB-A2AFDBDECD92}.Release|x86.ActiveCfg = Release|Win32
		{0056F1ED-06FA-4598-9FCB-A2AFDBDECD92}.Release|x86.Build.0 = Release|Win32
		{A87816DD-6B18-4F55-9046-CE879FA44DAE}.Debug|Any CPU.ActiveCfg = Debug|Any CPU
		{A87816DD-6B18-4F55-9046-CE879FA44DAE}.Debug|Any CPU.Build.0 = Debug|Any CPU
		{A87816DD-6B18-4F55-9046-CE879FA44DAE}.Debug|x64.ActiveCfg = Debug|Any CPU
		{A87816DD-6B18-4F55-9046-CE879FA44DAE}.Debug|x64.Build.0 = Debug|Any CPU
		{A87816DD-6B18-4F55-9046-CE879FA44DAE}.Debug|x86.ActiveCfg = Debug|Any CPU
		{A87816DD-6B18-4F55-9046-CE879FA44DAE}.Debug|x86.Build.0 = Debug|Any CPU
		{A87816DD-6B18-4F55-9046-CE879FA44DAE}.Release|Any CPU.ActiveCfg = Release|Any CPU
		{A87816DD-6B18-4F55-9046-CE879FA44DAE}.Release|Any CPU.Build.0 = Release|Any CPU
		{A87816DD-6B18-4F55-9046-CE879FA44DAE}.Release|x64.ActiveCfg = Release|Any CPU
		{A87816DD-6B18-4F55-9046-CE879FA44DAE}.Release|x64.Build.0 = Release|Any CPU
		{A87816DD-6B18-4F55-9046-CE879FA44DAE}.Release|x86.ActiveCfg = Release|Any CPU
		{A87816DD-6B18-4F55-9046-CE879FA44DAE}.Release|x86.Build.0 = Release|Any CPU
		{0C922690-7887-4612-9B51-951B289402C8}.Debug|Any CPU.ActiveCfg = Debug|Any CPU
		{0C922690-7887-4612-9B51-951B289402C8}.Debug|Any CPU.Build.0 = Debug|Any CPU
		{0C922690-7887-4612-9B51-951B289402C8}.Debug|x64.ActiveCfg = Debug|Any CPU
		{0C922690-7887-4612-9B51-951B289402C8}.Debug|x64.Build.0 = Debug|Any CPU
		{0C922690-7887-4612-9B51-951B289402C8}.Debug|x86.ActiveCfg = Debug|Any CPU
		{0C922690-7887-4612-9B51-951B289402C8}.Debug|x86.Build.0 = Debug|Any CPU
		{0C922690-7887-4612-9B51-951B289402C8}.Release|Any CPU.ActiveCfg = Release|Any CPU
		{0C922690-7887-4612-9B51-951B289402C8}.Release|Any CPU.Build.0 = Release|Any CPU
		{0C922690-7887-4612-9B51-951B289402C8}.Release|x64.ActiveCfg = Release|Any CPU
		{0C922690-7887-4612-9B51-951B289402C8}.Release|x64.Build.0 = Release|Any CPU
		{0C922690-7887-4612-9B51-951B289402C8}.Release|x86.ActiveCfg = Release|Any CPU
		{0C922690-7887-4612-9B51-951B289402C8}.Release|x86.Build.0 = Release|Any CPU
		{876FEA39-2A4E-47F6-B9A4-E2B41BA3E5EB}.Debug|Any CPU.ActiveCfg = Debug|Any CPU
		{876FEA39-2A4E-47F6-B9A4-E2B41BA3E5EB}.Debug|Any CPU.Build.0 = Debug|Any CPU
		{876FEA39-2A4E-47F6-B9A4-E2B41BA3E5EB}.Debug|x64.ActiveCfg = Debug|Any CPU
		{876FEA39-2A4E-47F6-B9A4-E2B41BA3E5EB}.Debug|x64.Build.0 = Debug|Any CPU
		{876FEA39-2A4E-47F6-B9A4-E2B41BA3E5EB}.Debug|x86.ActiveCfg = Debug|Any CPU
		{876FEA39-2A4E-47F6-B9A4-E2B41BA3E5EB}.Debug|x86.Build.0 = Debug|Any CPU
		{876FEA39-2A4E-47F6-B9A4-E2B41BA3E5EB}.Release|Any CPU.ActiveCfg = Release|Any CPU
		{876FEA39-2A4E-47F6-B9A4-E2B41BA3E5EB}.Release|Any CPU.Build.0 = Release|Any CPU
		{876FEA39-2A4E-47F6-B9A4-E2B41BA3E5EB}.Release|x64.ActiveCfg = Release|Any CPU
		{876FEA39-2A4E-47F6-B9A4-E2B41BA3E5EB}.Release|x64.Build.0 = Release|Any CPU
		{876FEA39-2A4E-47F6-B9A4-E2B41BA3E5EB}.Release|x86.ActiveCfg = Release|Any CPU
		{876FEA39-2A4E-47F6-B9A4-E2B41BA3E5EB}.Release|x86.Build.0 = Release|Any CPU
		{ECE28A95-4FDE-471E-8987-405A1F7EB7C7}.Debug|Any CPU.ActiveCfg = Debug|Any CPU
		{ECE28A95-4FDE-471E-8987-405A1F7EB7C7}.Debug|Any CPU.Build.0 = Debug|Any CPU
		{ECE28A95-4FDE-471E-8987-405A1F7EB7C7}.Debug|x64.ActiveCfg = Debug|Any CPU
		{ECE28A95-4FDE-471E-8987-405A1F7EB7C7}.Debug|x64.Build.0 = Debug|Any CPU
		{ECE28A95-4FDE-471E-8987-405A1F7EB7C7}.Debug|x86.ActiveCfg = Debug|Any CPU
		{ECE28A95-4FDE-471E-8987-405A1F7EB7C7}.Debug|x86.Build.0 = Debug|Any CPU
		{ECE28A95-4FDE-471E-8987-405A1F7EB7C7}.Release|Any CPU.ActiveCfg = Release|Any CPU
		{ECE28A95-4FDE-471E-8987-405A1F7EB7C7}.Release|Any CPU.Build.0 = Release|Any CPU
		{ECE28A95-4FDE-471E-8987-405A1F7EB7C7}.Release|x64.ActiveCfg = Release|Any CPU
		{ECE28A95-4FDE-471E-8987-405A1F7EB7C7}.Release|x64.Build.0 = Release|Any CPU
		{ECE28A95-4FDE-471E-8987-405A1F7EB7C7}.Release|x86.ActiveCfg = Release|Any CPU
		{ECE28A95-4FDE-471E-8987-405A1F7EB7C7}.Release|x86.Build.0 = Release|Any CPU
		{F685CD78-993C-4019-8A9E-F2F0DEBE7B12}.Debug|Any CPU.ActiveCfg = Debug|Any CPU
		{F685CD78-993C-4019-8A9E-F2F0DEBE7B12}.Debug|Any CPU.Build.0 = Debug|Any CPU
		{F685CD78-993C-4019-8A9E-F2F0DEBE7B12}.Debug|x64.ActiveCfg = Debug|Any CPU
		{F685CD78-993C-4019-8A9E-F2F0DEBE7B12}.Debug|x64.Build.0 = Debug|Any CPU
		{F685CD78-993C-4019-8A9E-F2F0DEBE7B12}.Debug|x86.ActiveCfg = Debug|Any CPU
		{F685CD78-993C-4019-8A9E-F2F0DEBE7B12}.Debug|x86.Build.0 = Debug|Any CPU
		{F685CD78-993C-4019-8A9E-F2F0DEBE7B12}.Release|Any CPU.ActiveCfg = Release|Any CPU
		{F685CD78-993C-4019-8A9E-F2F0DEBE7B12}.Release|Any CPU.Build.0 = Release|Any CPU
		{F685CD78-993C-4019-8A9E-F2F0DEBE7B12}.Release|x64.ActiveCfg = Release|Any CPU
		{F685CD78-993C-4019-8A9E-F2F0DEBE7B12}.Release|x64.Build.0 = Release|Any CPU
		{F685CD78-993C-4019-8A9E-F2F0DEBE7B12}.Release|x86.ActiveCfg = Release|Any CPU
		{F685CD78-993C-4019-8A9E-F2F0DEBE7B12}.Release|x86.Build.0 = Release|Any CPU
		{14B802E9-55DC-4D75-8924-041527A135FE}.Debug|Any CPU.ActiveCfg = Debug|Any CPU
		{14B802E9-55DC-4D75-8924-041527A135FE}.Debug|Any CPU.Build.0 = Debug|Any CPU
		{14B802E9-55DC-4D75-8924-041527A135FE}.Debug|x64.ActiveCfg = Debug|Any CPU
		{14B802E9-55DC-4D75-8924-041527A135FE}.Debug|x64.Build.0 = Debug|Any CPU
		{14B802E9-55DC-4D75-8924-041527A135FE}.Debug|x86.ActiveCfg = Debug|Any CPU
		{14B802E9-55DC-4D75-8924-041527A135FE}.Debug|x86.Build.0 = Debug|Any CPU
		{14B802E9-55DC-4D75-8924-041527A135FE}.Release|Any CPU.ActiveCfg = Release|Any CPU
		{14B802E9-55DC-4D75-8924-041527A135FE}.Release|Any CPU.Build.0 = Release|Any CPU
		{14B802E9-55DC-4D75-8924-041527A135FE}.Release|x64.ActiveCfg = Release|Any CPU
		{14B802E9-55DC-4D75-8924-041527A135FE}.Release|x64.Build.0 = Release|Any CPU
		{14B802E9-55DC-4D75-8924-041527A135FE}.Release|x86.ActiveCfg = Release|Any CPU
		{14B802E9-55DC-4D75-8924-041527A135FE}.Release|x86.Build.0 = Release|Any CPU
	EndGlobalSection
	GlobalSection(SolutionProperties) = preSolution
		HideSolutionNode = FALSE
	EndGlobalSection
	GlobalSection(ExtensibilityGlobals) = postSolution
		SolutionGuid = {85EDB275-B592-4D49-B80E-0F3BA4B1D79B}
	EndGlobalSection
EndGlobal
