
Microsoft Visual Studio Solution File, Format Version 12.00
# Visual Studio Version 16
VisualStudioVersion = 16.0.31624.102
MinimumVisualStudioVersion = 10.0.40219.1
Project("{9A19103F-16F7-4668-BE54-9A1E7A4F7556}") = "01HelloWorld", "01HelloWorld\01HelloWorld.csproj", "{6864FE2E-826C-413D-8958-3879FCEF2B6C}"
EndProject
Project("{9A19103F-16F7-4668-BE54-9A1E7A4F7556}") = "02Exceptions", "02Exceptions\02Exceptions.csproj", "{12C393D9-F138-40B0-B5A5-CE5D102AF667}"
EndProject
Project("{9A19103F-16F7-4668-BE54-9A1E7A4F7556}") = "03TractorAndImplement", "03TractorAndImplement\03TractorAndImplement.csproj", "{63F97DEA-130F-4AD8-A663-5DA81B957214}"
EndProject
Project("{9A19103F-16F7-4668-BE54-9A1E7A4F7556}") = "04StaticExample", "04StaticExample\04StaticExample.csproj", "{B2034155-02B3-4641-9769-5E826CB635C8}"
EndProject
Project("{9A19103F-16F7-4668-BE54-9A1E7A4F7556}") = "05AverageCalculator", "05AverageCalculator\05AverageCalculator.csproj", "{EF47E6BD-66A9-4351-B7AE-F0730864BB0C}"
EndProject
Project("{9A19103F-16F7-4668-BE54-9A1E7A4F7556}") = "06Dictionaries", "06Dictionaries\06Dictionaries.csproj", "{0A4BD2D5-8FA8-48EC-9599-499BD1E256E9}"
EndProject
Project("{9A19103F-16F7-4668-BE54-9A1E7A4F7556}") = "ErsterTest", "ErsterTest\ErsterTest.csproj", "{6FD92912-3344-4F48-8A28-1404B5FE2259}"
EndProject
Project("{9A19103F-16F7-4668-BE54-9A1E7A4F7556}") = "07LetterAnalysis", "07LetterAnalysis\07LetterAnalysis.csproj", "{42F33294-BE69-43AD-B38D-E4562A62D5A2}"
EndProject
Project("{9A19103F-16F7-4668-BE54-9A1E7A4F7556}") = "08Caesar", "08Caesar\08Caesar.csproj", "{829A08C3-553C-4837-BDBD-5D4B675942F0}"
EndProject
Project("{FAE04EC0-301F-11D3-BF4B-00C04F79EFBC}") = "09InversionChiffre", "09InversionChiffre\09InversionChiffre.csproj", "{266BD8F7-CC62-4B14-9D7A-4B3899B0DC6D}"
EndProject
Project("{FAE04EC0-301F-11D3-BF4B-00C04F79EFBC}") = "10StringFormatting", "10StringFormatting\10StringFormatting.csproj", "{D624A854-02A4-42E4-8AD7-492F218A9C89}"
EndProject
Project("{FAE04EC0-301F-11D3-BF4B-00C04F79EFBC}") = "11Pythagoras", "11Pythagoras\11Pythagoras.csproj", "{CBDA44AB-12EA-4A9A-A60E-5110065EE040}"
EndProject
Global
	GlobalSection(SolutionConfigurationPlatforms) = preSolution
		Debug|Any CPU = Debug|Any CPU
		Release|Any CPU = Release|Any CPU
	EndGlobalSection
	GlobalSection(ProjectConfigurationPlatforms) = postSolution
		{6864FE2E-826C-413D-8958-3879FCEF2B6C}.Debug|Any CPU.ActiveCfg = Debug|Any CPU
		{6864FE2E-826C-413D-8958-3879FCEF2B6C}.Debug|Any CPU.Build.0 = Debug|Any CPU
		{6864FE2E-826C-413D-8958-3879FCEF2B6C}.Release|Any CPU.ActiveCfg = Release|Any CPU
		{6864FE2E-826C-413D-8958-3879FCEF2B6C}.Release|Any CPU.Build.0 = Release|Any CPU
		{12C393D9-F138-40B0-B5A5-CE5D102AF667}.Debug|Any CPU.ActiveCfg = Debug|Any CPU
		{12C393D9-F138-40B0-B5A5-CE5D102AF667}.Debug|Any CPU.Build.0 = Debug|Any CPU
		{12C393D9-F138-40B0-B5A5-CE5D102AF667}.Release|Any CPU.ActiveCfg = Release|Any CPU
		{12C393D9-F138-40B0-B5A5-CE5D102AF667}.Release|Any CPU.Build.0 = Release|Any CPU
		{63F97DEA-130F-4AD8-A663-5DA81B957214}.Debug|Any CPU.ActiveCfg = Debug|Any CPU
		{63F97DEA-130F-4AD8-A663-5DA81B957214}.Debug|Any CPU.Build.0 = Debug|Any CPU
		{63F97DEA-130F-4AD8-A663-5DA81B957214}.Release|Any CPU.ActiveCfg = Release|Any CPU
		{63F97DEA-130F-4AD8-A663-5DA81B957214}.Release|Any CPU.Build.0 = Release|Any CPU
		{B2034155-02B3-4641-9769-5E826CB635C8}.Debug|Any CPU.ActiveCfg = Debug|Any CPU
		{B2034155-02B3-4641-9769-5E826CB635C8}.Debug|Any CPU.Build.0 = Debug|Any CPU
		{B2034155-02B3-4641-9769-5E826CB635C8}.Release|Any CPU.ActiveCfg = Release|Any CPU
		{B2034155-02B3-4641-9769-5E826CB635C8}.Release|Any CPU.Build.0 = Release|Any CPU
		{EF47E6BD-66A9-4351-B7AE-F0730864BB0C}.Debug|Any CPU.ActiveCfg = Debug|Any CPU
		{EF47E6BD-66A9-4351-B7AE-F0730864BB0C}.Debug|Any CPU.Build.0 = Debug|Any CPU
		{EF47E6BD-66A9-4351-B7AE-F0730864BB0C}.Release|Any CPU.ActiveCfg = Release|Any CPU
		{EF47E6BD-66A9-4351-B7AE-F0730864BB0C}.Release|Any CPU.Build.0 = Release|Any CPU
		{0A4BD2D5-8FA8-48EC-9599-499BD1E256E9}.Debug|Any CPU.ActiveCfg = Debug|Any CPU
		{0A4BD2D5-8FA8-48EC-9599-499BD1E256E9}.Debug|Any CPU.Build.0 = Debug|Any CPU
		{0A4BD2D5-8FA8-48EC-9599-499BD1E256E9}.Release|Any CPU.ActiveCfg = Release|Any CPU
		{0A4BD2D5-8FA8-48EC-9599-499BD1E256E9}.Release|Any CPU.Build.0 = Release|Any CPU
		{6FD92912-3344-4F48-8A28-1404B5FE2259}.Debug|Any CPU.ActiveCfg = Debug|Any CPU
		{6FD92912-3344-4F48-8A28-1404B5FE2259}.Debug|Any CPU.Build.0 = Debug|Any CPU
		{6FD92912-3344-4F48-8A28-1404B5FE2259}.Release|Any CPU.ActiveCfg = Release|Any CPU
		{6FD92912-3344-4F48-8A28-1404B5FE2259}.Release|Any CPU.Build.0 = Release|Any CPU
		{42F33294-BE69-43AD-B38D-E4562A62D5A2}.Debug|Any CPU.ActiveCfg = Debug|Any CPU
		{42F33294-BE69-43AD-B38D-E4562A62D5A2}.Debug|Any CPU.Build.0 = Debug|Any CPU
		{42F33294-BE69-43AD-B38D-E4562A62D5A2}.Release|Any CPU.ActiveCfg = Release|Any CPU
		{42F33294-BE69-43AD-B38D-E4562A62D5A2}.Release|Any CPU.Build.0 = Release|Any CPU
		{829A08C3-553C-4837-BDBD-5D4B675942F0}.Debug|Any CPU.ActiveCfg = Debug|Any CPU
		{829A08C3-553C-4837-BDBD-5D4B675942F0}.Debug|Any CPU.Build.0 = Debug|Any CPU
		{829A08C3-553C-4837-BDBD-5D4B675942F0}.Release|Any CPU.ActiveCfg = Release|Any CPU
		{829A08C3-553C-4837-BDBD-5D4B675942F0}.Release|Any CPU.Build.0 = Release|Any CPU
		{266BD8F7-CC62-4B14-9D7A-4B3899B0DC6D}.Debug|Any CPU.ActiveCfg = Debug|Any CPU
		{266BD8F7-CC62-4B14-9D7A-4B3899B0DC6D}.Debug|Any CPU.Build.0 = Debug|Any CPU
		{266BD8F7-CC62-4B14-9D7A-4B3899B0DC6D}.Release|Any CPU.ActiveCfg = Release|Any CPU
		{266BD8F7-CC62-4B14-9D7A-4B3899B0DC6D}.Release|Any CPU.Build.0 = Release|Any CPU
		{D624A854-02A4-42E4-8AD7-492F218A9C89}.Debug|Any CPU.ActiveCfg = Debug|Any CPU
		{D624A854-02A4-42E4-8AD7-492F218A9C89}.Debug|Any CPU.Build.0 = Debug|Any CPU
		{D624A854-02A4-42E4-8AD7-492F218A9C89}.Release|Any CPU.ActiveCfg = Release|Any CPU
		{D624A854-02A4-42E4-8AD7-492F218A9C89}.Release|Any CPU.Build.0 = Release|Any CPU
		{CBDA44AB-12EA-4A9A-A60E-5110065EE040}.Debug|Any CPU.ActiveCfg = Debug|Any CPU
		{CBDA44AB-12EA-4A9A-A60E-5110065EE040}.Debug|Any CPU.Build.0 = Debug|Any CPU
		{CBDA44AB-12EA-4A9A-A60E-5110065EE040}.Release|Any CPU.ActiveCfg = Release|Any CPU
		{CBDA44AB-12EA-4A9A-A60E-5110065EE040}.Release|Any CPU.Build.0 = Release|Any CPU
	EndGlobalSection
	GlobalSection(SolutionProperties) = preSolution
		HideSolutionNode = FALSE
	EndGlobalSection
	GlobalSection(ExtensibilityGlobals) = postSolution
		SolutionGuid = {85EDB275-B592-4D49-B80E-0F3BA4B1D79B}
	EndGlobalSection
EndGlobal
